
Microsoft Visual Studio Solution File, Format Version 12.00
# Visual Studio Version 17
VisualStudioVersion = 17.3.32519.111
MinimumVisualStudioVersion = 10.0.40219.1
Project("{8BC9CEB8-8B4A-11D0-8D11-00A0C91BC942}") = "OpenCC", "OpenCC\OpenCC.vcxproj", "{06C807B7-4FD4-46E9-B8A0-B3354C1A6091}"
EndProject
Project("{8BC9CEB8-8B4A-11D0-8D11-00A0C91BC942}") = "NetworkConnector", "NetworkConnector\NetworkConnector.vcxproj", "{0EA4AC02-488B-4565-B4AA-6B2F9A2507DD}"
EndProject
Project("{8BC9CEB8-8B4A-11D0-8D11-00A0C91BC942}") = "IniControler", "IniControler\IniControler.vcxproj", "{ADC74F07-A6CC-4BDD-91B2-3A907940B040}"
EndProject
Project("{8BC9CEB8-8B4A-11D0-8D11-00A0C91BC942}") = "BlitzFormat", "BlitzFormat\BlitzFormat.vcxproj", "{92D30A30-4CA2-4676-B79D-4D0544135FA3}"
EndProject
Project("{8BC9CEB8-8B4A-11D0-8D11-00A0C91BC942}") = "BlitzEncode", "BlitzEncode\BlitzEncode.vcxproj", "{5531DCBD-63E9-4BC4-8525-730C694542B6}"
EndProject
Project("{8BC9CEB8-8B4A-11D0-8D11-00A0C91BC942}") = "Blib", "Blib\Blib.vcxproj", "{2412762E-2C74-4D21-826C-EC649529C625}"
EndProject
Global
	GlobalSection(SolutionConfigurationPlatforms) = preSolution
		Release|x86 = Release|x86
	EndGlobalSection
	GlobalSection(ProjectConfigurationPlatforms) = postSolution
		{06C807B7-4FD4-46E9-B8A0-B3354C1A6091}.Release|x86.ActiveCfg = Release|Win32
		{06C807B7-4FD4-46E9-B8A0-B3354C1A6091}.Release|x86.Build.0 = Release|Win32
		{0EA4AC02-488B-4565-B4AA-6B2F9A2507DD}.Release|x86.ActiveCfg = Release|Win32
		{0EA4AC02-488B-4565-B4AA-6B2F9A2507DD}.Release|x86.Build.0 = Release|Win32
		{ADC74F07-A6CC-4BDD-91B2-3A907940B040}.Release|x86.ActiveCfg = Release|Win32
		{ADC74F07-A6CC-4BDD-91B2-3A907940B040}.Release|x86.Build.0 = Release|Win32
		{92D30A30-4CA2-4676-B79D-4D0544135FA3}.Release|x86.ActiveCfg = Release|Win32
		{92D30A30-4CA2-4676-B79D-4D0544135FA3}.Release|x86.Build.0 = Release|Win32
		{5531DCBD-63E9-4BC4-8525-730C694542B6}.Release|x86.ActiveCfg = Release|Win32
		{5531DCBD-63E9-4BC4-8525-730C694542B6}.Release|x86.Build.0 = Release|Win32
		{2412762E-2C74-4D21-826C-EC649529C625}.Release|x86.ActiveCfg = Release|Win32
		{2412762E-2C74-4D21-826C-EC649529C625}.Release|x86.Build.0 = Release|Win32
	EndGlobalSection
	GlobalSection(SolutionProperties) = preSolution
		HideSolutionNode = FALSE
	EndGlobalSection
	GlobalSection(ExtensibilityGlobals) = postSolution
		SolutionGuid = {43698921-FE39-49ED-B22A-2719454F59B1}
	EndGlobalSection
EndGlobal
